
Microsoft Visual Studio Solution File, Format Version 12.00
# Visual Studio Version 17
VisualStudioVersion = 17.9.34616.47
MinimumVisualStudioVersion = 10.0.40219.1
Project("{FAE04EC0-301F-11D3-BF4B-00C04F79EFBC}") = "tour.net", "src\tour.net\tour.net.csproj", "{E62AC194-99FD-461E-A7C0-57B21798CA3E}"
EndProject
Project("{2150E333-8FDC-42A3-9474-1A3956D46DE8}") = "src", "src", "{3A47F78A-12E7-49FB-B254-52B7DFFADC59}"
EndProject
Project("{2150E333-8FDC-42A3-9474-1A3956D46DE8}") = "tests", "tests", "{AA46B064-82C0-47DF-8921-DA2543AF729F}"
EndProject
Project("{FAE04EC0-301F-11D3-BF4B-00C04F79EFBC}") = "tour.net.app", "tests\tour.net.app\tour.net.app.csproj", "{D2B89851-EF89-47CE-9B06-3885AF41B386}"
EndProject
Global
	GlobalSection(SolutionConfigurationPlatforms) = preSolution
		Debug|Any CPU = Debug|Any CPU
		Release|Any CPU = Release|Any CPU
	EndGlobalSection
	GlobalSection(ProjectConfigurationPlatforms) = postSolution
		{E62AC194-99FD-461E-A7C0-57B21798CA3E}.Debug|Any CPU.ActiveCfg = Debug|Any CPU
		{E62AC194-99FD-461E-A7C0-57B21798CA3E}.Debug|Any CPU.Build.0 = Debug|Any CPU
		{E62AC194-99FD-461E-A7C0-57B21798CA3E}.Release|Any CPU.ActiveCfg = Release|Any CPU
		{E62AC194-99FD-461E-A7C0-57B21798CA3E}.Release|Any CPU.Build.0 = Release|Any CPU
		{D2B89851-EF89-47CE-9B06-3885AF41B386}.Debug|Any CPU.ActiveCfg = Debug|Any CPU
		{D2B89851-EF89-47CE-9B06-3885AF41B386}.Debug|Any CPU.Build.0 = Debug|Any CPU
		{D2B89851-EF89-47CE-9B06-3885AF41B386}.Release|Any CPU.ActiveCfg = Release|Any CPU
		{D2B89851-EF89-47CE-9B06-3885AF41B386}.Release|Any CPU.Build.0 = Release|Any CPU
	EndGlobalSection
	GlobalSection(SolutionProperties) = preSolution
		HideSolutionNode = FALSE
	EndGlobalSection
	GlobalSection(NestedProjects) = preSolution
		{E62AC194-99FD-461E-A7C0-57B21798CA3E} = {3A47F78A-12E7-49FB-B254-52B7DFFADC59}
		{D2B89851-EF89-47CE-9B06-3885AF41B386} = {AA46B064-82C0-47DF-8921-DA2543AF729F}
	EndGlobalSection
	GlobalSection(ExtensibilityGlobals) = postSolution
		SolutionGuid = {6E8810AB-CE23-4CA5-BC58-E1E22D6E934F}
	EndGlobalSection
EndGlobal
